// !$*UTF8*$!
{
	archiveVersion = 1;
	classes = {
	};
	objectVersion = 50;
	objects = {

/* Begin PBXBuildFile section */
		AF7DC14C24C586C000382964 /* AppDelegate.swift in Sources */ = {isa = PBXBuildFile; fileRef = AF7DC14B24C586C000382964 /* AppDelegate.swift */; };
		AF7DC15324C586C000382964 /* Main.storyboard in Resources */ = {isa = PBXBuildFile; fileRef = AF7DC15124C586C000382964 /* Main.storyboard */; };
		AF7DC15524C586C300382964 /* Assets.xcassets in Resources */ = {isa = PBXBuildFile; fileRef = AF7DC15424C586C300382964 /* Assets.xcassets */; };
		AF7DC15824C586C300382964 /* LaunchScreen.storyboard in Resources */ = {isa = PBXBuildFile; fileRef = AF7DC15624C586C300382964 /* LaunchScreen.storyboard */; };
		AF7DC16324C586C300382964 /* OnTheMapTests.swift in Sources */ = {isa = PBXBuildFile; fileRef = AF7DC16224C586C300382964 /* OnTheMapTests.swift */; };
		AF7DC17124C5899C00382964 /* LoginViewController.swift in Sources */ = {isa = PBXBuildFile; fileRef = AF7DC17024C5899C00382964 /* LoginViewController.swift */; };
		AF7DC17324C589AC00382964 /* MapViewController.swift in Sources */ = {isa = PBXBuildFile; fileRef = AF7DC17224C589AC00382964 /* MapViewController.swift */; };
		AF7DC17524C589C400382964 /* SpotListViewController.swift in Sources */ = {isa = PBXBuildFile; fileRef = AF7DC17424C589C400382964 /* SpotListViewController.swift */; };
		AF7DC17724C589D300382964 /* FindSpotViewController.swift in Sources */ = {isa = PBXBuildFile; fileRef = AF7DC17624C589D300382964 /* FindSpotViewController.swift */; };
		AF7DC17924C589E900382964 /* UIViewController+Extension.swift in Sources */ = {isa = PBXBuildFile; fileRef = AF7DC17824C589E900382964 /* UIViewController+Extension.swift */; };
		AF7DC17B24C589FC00382964 /* SpotMapViewController.swift in Sources */ = {isa = PBXBuildFile; fileRef = AF7DC17A24C589FC00382964 /* SpotMapViewController.swift */; };
		AF7DC17E24C58F5900382964 /* UdacityClient.swift in Sources */ = {isa = PBXBuildFile; fileRef = AF7DC17D24C58F5900382964 /* UdacityClient.swift */; };
		AF7DC18024C58F6F00382964 /* UserData.swift in Sources */ = {isa = PBXBuildFile; fileRef = AF7DC17F24C58F6F00382964 /* UserData.swift */; };
		AF7DC18224C58F7E00382964 /* StudentLocation.swift in Sources */ = {isa = PBXBuildFile; fileRef = AF7DC18124C58F7E00382964 /* StudentLocation.swift */; };
		AF7DC18424C58F9900382964 /* PostLocation.swift in Sources */ = {isa = PBXBuildFile; fileRef = AF7DC18324C58F9900382964 /* PostLocation.swift */; };
		AF7DC18624C58FB100382964 /* PostLocationResponse.swift in Sources */ = {isa = PBXBuildFile; fileRef = AF7DC18524C58FB100382964 /* PostLocationResponse.swift */; };
		AF7DC18824C58FBC00382964 /* PutLocationResponse.swift in Sources */ = {isa = PBXBuildFile; fileRef = AF7DC18724C58FBC00382964 /* PutLocationResponse.swift */; };
		AF7DC18A24C58FE100382964 /* StudentLocations.swift in Sources */ = {isa = PBXBuildFile; fileRef = AF7DC18924C58FE100382964 /* StudentLocations.swift */; };
		AF7DC18C24C58FEF00382964 /* UserLoginResponse.swift in Sources */ = {isa = PBXBuildFile; fileRef = AF7DC18B24C58FEF00382964 /* UserLoginResponse.swift */; };
		AFCC6DD124C5957400B585D1 /* SceneDelegate.swift in Sources */ = {isa = PBXBuildFile; fileRef = AFCC6DD024C5957400B585D1 /* SceneDelegate.swift */; };
/* End PBXBuildFile section */

/* Begin PBXContainerItemProxy section */
		AF7DC15F24C586C300382964 /* PBXContainerItemProxy */ = {
			isa = PBXContainerItemProxy;
			containerPortal = AF7DC14024C586C000382964 /* Project object */;
			proxyType = 1;
			remoteGlobalIDString = AF7DC14724C586C000382964;
			remoteInfo = OnTheMap;
		};
/* End PBXContainerItemProxy section */

/* Begin PBXFileReference section */
		AF7DC14824C586C000382964 /* OnTheMap.app */ = {isa = PBXFileReference; explicitFileType = wrapper.application; includeInIndex = 0; path = OnTheMap.app; sourceTree = BUILT_PRODUCTS_DIR; };
		AF7DC14B24C586C000382964 /* AppDelegate.swift */ = {isa = PBXFileReference; lastKnownFileType = sourcecode.swift; path = AppDelegate.swift; sourceTree = "<group>"; };
		AF7DC15224C586C000382964 /* Base */ = {isa = PBXFileReference; lastKnownFileType = file.storyboard; name = Base; path = Base.lproj/Main.storyboard; sourceTree = "<group>"; };
		AF7DC15424C586C300382964 /* Assets.xcassets */ = {isa = PBXFileReference; lastKnownFileType = folder.assetcatalog; path = Assets.xcassets; sourceTree = "<group>"; };
		AF7DC15724C586C300382964 /* Base */ = {isa = PBXFileReference; lastKnownFileType = file.storyboard; name = Base; path = Base.lproj/LaunchScreen.storyboard; sourceTree = "<group>"; };
		AF7DC15924C586C300382964 /* Info.plist */ = {isa = PBXFileReference; lastKnownFileType = text.plist.xml; path = Info.plist; sourceTree = "<group>"; };
		AF7DC15E24C586C300382964 /* OnTheMapTests.xctest */ = {isa = PBXFileReference; explicitFileType = wrapper.cfbundle; includeInIndex = 0; path = OnTheMapTests.xctest; sourceTree = BUILT_PRODUCTS_DIR; };
		AF7DC16224C586C300382964 /* OnTheMapTests.swift */ = {isa = PBXFileReference; lastKnownFileType = sourcecode.swift; path = OnTheMapTests.swift; sourceTree = "<group>"; };
		AF7DC17024C5899C00382964 /* LoginViewController.swift */ = {isa = PBXFileReference; lastKnownFileType = sourcecode.swift; path = LoginViewController.swift; sourceTree = "<group>"; };
		AF7DC17224C589AC00382964 /* MapViewController.swift */ = {isa = PBXFileReference; lastKnownFileType = sourcecode.swift; path = MapViewController.swift; sourceTree = "<group>"; };
		AF7DC17424C589C400382964 /* SpotListViewController.swift */ = {isa = PBXFileReference; lastKnownFileType = sourcecode.swift; path = SpotListViewController.swift; sourceTree = "<group>"; };
		AF7DC17624C589D300382964 /* FindSpotViewController.swift */ = {isa = PBXFileReference; lastKnownFileType = sourcecode.swift; path = FindSpotViewController.swift; sourceTree = "<group>"; };
		AF7DC17824C589E900382964 /* UIViewController+Extension.swift */ = {isa = PBXFileReference; lastKnownFileType = sourcecode.swift; path = "UIViewController+Extension.swift"; sourceTree = "<group>"; };
		AF7DC17A24C589FC00382964 /* SpotMapViewController.swift */ = {isa = PBXFileReference; lastKnownFileType = sourcecode.swift; path = SpotMapViewController.swift; sourceTree = "<group>"; };
		AF7DC17D24C58F5900382964 /* UdacityClient.swift */ = {isa = PBXFileReference; lastKnownFileType = sourcecode.swift; path = UdacityClient.swift; sourceTree = "<group>"; };
		AF7DC17F24C58F6F00382964 /* UserData.swift */ = {isa = PBXFileReference; lastKnownFileType = sourcecode.swift; path = UserData.swift; sourceTree = "<group>"; };
		AF7DC18124C58F7E00382964 /* StudentLocation.swift */ = {isa = PBXFileReference; lastKnownFileType = sourcecode.swift; path = StudentLocation.swift; sourceTree = "<group>"; };
		AF7DC18324C58F9900382964 /* PostLocation.swift */ = {isa = PBXFileReference; lastKnownFileType = sourcecode.swift; path = PostLocation.swift; sourceTree = "<group>"; };
		AF7DC18524C58FB100382964 /* PostLocationResponse.swift */ = {isa = PBXFileReference; lastKnownFileType = sourcecode.swift; path = PostLocationResponse.swift; sourceTree = "<group>"; };
		AF7DC18724C58FBC00382964 /* PutLocationResponse.swift */ = {isa = PBXFileReference; lastKnownFileType = sourcecode.swift; path = PutLocationResponse.swift; sourceTree = "<group>"; };
		AF7DC18924C58FE100382964 /* StudentLocations.swift */ = {isa = PBXFileReference; lastKnownFileType = sourcecode.swift; path = StudentLocations.swift; sourceTree = "<group>"; };
		AF7DC18B24C58FEF00382964 /* UserLoginResponse.swift */ = {isa = PBXFileReference; lastKnownFileType = sourcecode.swift; path = UserLoginResponse.swift; sourceTree = "<group>"; };
		AFCC6DD024C5957400B585D1 /* SceneDelegate.swift */ = {isa = PBXFileReference; fileEncoding = 4; lastKnownFileType = sourcecode.swift; path = SceneDelegate.swift; sourceTree = "<group>"; };
/* End PBXFileReference section */

/* Begin PBXFrameworksBuildPhase section */
		AF7DC14524C586C000382964 /* Frameworks */ = {
			isa = PBXFrameworksBuildPhase;
			buildActionMask = 2147483647;
			files = (
			);
			runOnlyForDeploymentPostprocessing = 0;
		};
		AF7DC15B24C586C300382964 /* Frameworks */ = {
			isa = PBXFrameworksBuildPhase;
			buildActionMask = 2147483647;
			files = (
			);
			runOnlyForDeploymentPostprocessing = 0;
		};
/* End PBXFrameworksBuildPhase section */

/* Begin PBXGroup section */
		AF7DC13F24C586C000382964 = {
			isa = PBXGroup;
			children = (
				AF7DC14A24C586C000382964 /* OnTheMap */,
				AF7DC16124C586C300382964 /* OnTheMapTests */,
				AF7DC14924C586C000382964 /* Products */,
			);
			sourceTree = "<group>";
		};
		AF7DC14924C586C000382964 /* Products */ = {
			isa = PBXGroup;
			children = (
				AF7DC14824C586C000382964 /* OnTheMap.app */,
				AF7DC15E24C586C300382964 /* OnTheMapTests.xctest */,
			);
			name = Products;
			sourceTree = "<group>";
		};
		AF7DC14A24C586C000382964 /* OnTheMap */ = {
			isa = PBXGroup;
			children = (
				AF7DC15124C586C000382964 /* Main.storyboard */,
				AF7DC15624C586C300382964 /* LaunchScreen.storyboard */,
				AF7DC16D24C5882900382964 /* Controller */,
				AF7DC16E24C5883800382964 /* Model */,
				AF7DC14B24C586C000382964 /* AppDelegate.swift */,
				AFCC6DD024C5957400B585D1 /* SceneDelegate.swift */,
				AF7DC16F24C588BB00382964 /* Assets */,
				AF7DC15924C586C300382964 /* Info.plist */,
			);
			path = OnTheMap;
			sourceTree = "<group>";
		};
		AF7DC16124C586C300382964 /* OnTheMapTests */ = {
			isa = PBXGroup;
			children = (
				AF7DC16224C586C300382964 /* OnTheMapTests.swift */,
			);
			path = OnTheMapTests;
			sourceTree = "<group>";
		};
		AF7DC16D24C5882900382964 /* Controller */ = {
			isa = PBXGroup;
			children = (
				AF7DC17024C5899C00382964 /* LoginViewController.swift */,
				AF7DC17224C589AC00382964 /* MapViewController.swift */,
				AF7DC17424C589C400382964 /* SpotListViewController.swift */,
				AF7DC17624C589D300382964 /* FindSpotViewController.swift */,
				AF7DC17824C589E900382964 /* UIViewController+Extension.swift */,
				AF7DC17A24C589FC00382964 /* SpotMapViewController.swift */,
			);
			path = Controller;
			sourceTree = "<group>";
		};
		AF7DC16E24C5883800382964 /* Model */ = {
			isa = PBXGroup;
			children = (
				AF7DC17D24C58F5900382964 /* UdacityClient.swift */,
				AF7DC17F24C58F6F00382964 /* UserData.swift */,
				AF7DC17C24C58F2A00382964 /* Request */,
				AF7DC18124C58F7E00382964 /* StudentLocation.swift */,
				AF7DC18324C58F9900382964 /* PostLocation.swift */,
				AF7DC18524C58FB100382964 /* PostLocationResponse.swift */,
				AF7DC18724C58FBC00382964 /* PutLocationResponse.swift */,
			);
			path = Model;
			sourceTree = "<group>";
		};
		AF7DC16F24C588BB00382964 /* Assets */ = {
			isa = PBXGroup;
			children = (
				AF7DC15424C586C300382964 /* Assets.xcassets */,
			);
			path = Assets;
			sourceTree = "<group>";
		};
		AF7DC17C24C58F2A00382964 /* Request */ = {
			isa = PBXGroup;
			children = (
				AF7DC18924C58FE100382964 /* StudentLocations.swift */,
				AF7DC18B24C58FEF00382964 /* UserLoginResponse.swift */,
			);
			path = Request;
			sourceTree = "<group>";
		};
/* End PBXGroup section */

/* Begin PBXNativeTarget section */
		AF7DC14724C586C000382964 /* OnTheMap */ = {
			isa = PBXNativeTarget;
			buildConfigurationList = AF7DC16724C586C300382964 /* Build configuration list for PBXNativeTarget "OnTheMap" */;
			buildPhases = (
				AF7DC14424C586C000382964 /* Sources */,
				AF7DC14524C586C000382964 /* Frameworks */,
				AF7DC14624C586C000382964 /* Resources */,
			);
			buildRules = (
			);
			dependencies = (
			);
			name = OnTheMap;
			productName = OnTheMap;
			productReference = AF7DC14824C586C000382964 /* OnTheMap.app */;
			productType = "com.apple.product-type.application";
		};
		AF7DC15D24C586C300382964 /* OnTheMapTests */ = {
			isa = PBXNativeTarget;
			buildConfigurationList = AF7DC16A24C586C300382964 /* Build configuration list for PBXNativeTarget "OnTheMapTests" */;
			buildPhases = (
				AF7DC15A24C586C300382964 /* Sources */,
				AF7DC15B24C586C300382964 /* Frameworks */,
				AF7DC15C24C586C300382964 /* Resources */,
			);
			buildRules = (
			);
			dependencies = (
				AF7DC16024C586C300382964 /* PBXTargetDependency */,
			);
			name = OnTheMapTests;
			productName = OnTheMapTests;
			productReference = AF7DC15E24C586C300382964 /* OnTheMapTests.xctest */;
			productType = "com.apple.product-type.bundle.unit-test";
		};
/* End PBXNativeTarget section */

/* Begin PBXProject section */
		AF7DC14024C586C000382964 /* Project object */ = {
			isa = PBXProject;
			attributes = {
				LastSwiftUpdateCheck = 1160;
				LastUpgradeCheck = 1160;
				ORGANIZATIONNAME = Master;
				TargetAttributes = {
					AF7DC14724C586C000382964 = {
						CreatedOnToolsVersion = 11.6;
					};
					AF7DC15D24C586C300382964 = {
						CreatedOnToolsVersion = 11.6;
						TestTargetID = AF7DC14724C586C000382964;
					};
				};
			};
			buildConfigurationList = AF7DC14324C586C000382964 /* Build configuration list for PBXProject "OnTheMap" */;
			compatibilityVersion = "Xcode 9.3";
			developmentRegion = en;
			hasScannedForEncodings = 0;
			knownRegions = (
				en,
				Base,
			);
			mainGroup = AF7DC13F24C586C000382964;
			productRefGroup = AF7DC14924C586C000382964 /* Products */;
			projectDirPath = "";
			projectRoot = "";
			targets = (
				AF7DC14724C586C000382964 /* OnTheMap */,
				AF7DC15D24C586C300382964 /* OnTheMapTests */,
			);
		};
/* End PBXProject section */

/* Begin PBXResourcesBuildPhase section */
		AF7DC14624C586C000382964 /* Resources */ = {
			isa = PBXResourcesBuildPhase;
			buildActionMask = 2147483647;
			files = (
				AF7DC15824C586C300382964 /* LaunchScreen.storyboard in Resources */,
				AF7DC15524C586C300382964 /* Assets.xcassets in Resources */,
				AF7DC15324C586C000382964 /* Main.storyboard in Resources */,
			);
			runOnlyForDeploymentPostprocessing = 0;
		};
		AF7DC15C24C586C300382964 /* Resources */ = {
			isa = PBXResourcesBuildPhase;
			buildActionMask = 2147483647;
			files = (
			);
			runOnlyForDeploymentPostprocessing = 0;
		};
/* End PBXResourcesBuildPhase section */

/* Begin PBXSourcesBuildPhase section */
		AF7DC14424C586C000382964 /* Sources */ = {
			isa = PBXSourcesBuildPhase;
			buildActionMask = 2147483647;
			files = (
				AF7DC17924C589E900382964 /* UIViewController+Extension.swift in Sources */,
				AF7DC18224C58F7E00382964 /* StudentLocation.swift in Sources */,
				AF7DC17124C5899C00382964 /* LoginViewController.swift in Sources */,
				AF7DC17724C589D300382964 /* FindSpotViewController.swift in Sources */,
				AF7DC18A24C58FE100382964 /* StudentLocations.swift in Sources */,
				AF7DC17B24C589FC00382964 /* SpotMapViewController.swift in Sources */,
				AFCC6DD124C5957400B585D1 /* SceneDelegate.swift in Sources */,
				AF7DC17524C589C400382964 /* SpotListViewController.swift in Sources */,
				AF7DC14C24C586C000382964 /* AppDelegate.swift in Sources */,
				AF7DC18C24C58FEF00382964 /* UserLoginResponse.swift in Sources */,
				AF7DC18424C58F9900382964 /* PostLocation.swift in Sources */,
				AF7DC17324C589AC00382964 /* MapViewController.swift in Sources */,
				AF7DC18624C58FB100382964 /* PostLocationResponse.swift in Sources */,
				AF7DC18024C58F6F00382964 /* UserData.swift in Sources */,
				AF7DC17E24C58F5900382964 /* UdacityClient.swift in Sources */,
				AF7DC18824C58FBC00382964 /* PutLocationResponse.swift in Sources */,
			);
			runOnlyForDeploymentPostprocessing = 0;
		};
		AF7DC15A24C586C300382964 /* Sources */ = {
			isa = PBXSourcesBuildPhase;
			buildActionMask = 2147483647;
			files = (
				AF7DC16324C586C300382964 /* OnTheMapTests.swift in Sources */,
			);
			runOnlyForDeploymentPostprocessing = 0;
		};
/* End PBXSourcesBuildPhase section */

/* Begin PBXTargetDependency section */
		AF7DC16024C586C300382964 /* PBXTargetDependency */ = {
			isa = PBXTargetDependency;
			target = AF7DC14724C586C000382964 /* OnTheMap */;
			targetProxy = AF7DC15F24C586C300382964 /* PBXContainerItemProxy */;
		};
/* End PBXTargetDependency section */

/* Begin PBXVariantGroup section */
		AF7DC15124C586C000382964 /* Main.storyboard */ = {
			isa = PBXVariantGroup;
			children = (
				AF7DC15224C586C000382964 /* Base */,
			);
			name = Main.storyboard;
			sourceTree = "<group>";
		};
		AF7DC15624C586C300382964 /* LaunchScreen.storyboard */ = {
			isa = PBXVariantGroup;
			children = (
				AF7DC15724C586C300382964 /* Base */,
			);
			name = LaunchScreen.storyboard;
			sourceTree = "<group>";
		};
/* End PBXVariantGroup section */

/* Begin XCBuildConfiguration section */
		AF7DC16524C586C300382964 /* Debug */ = {
			isa = XCBuildConfiguration;
			buildSettings = {
				ALWAYS_SEARCH_USER_PATHS = NO;
				CLANG_ANALYZER_NONNULL = YES;
				CLANG_ANALYZER_NUMBER_OBJECT_CONVERSION = YES_AGGRESSIVE;
				CLANG_CXX_LANGUAGE_STANDARD = "gnu++14";
				CLANG_CXX_LIBRARY = "libc++";
				CLANG_ENABLE_MODULES = YES;
				CLANG_ENABLE_OBJC_ARC = YES;
				CLANG_ENABLE_OBJC_WEAK = YES;
				CLANG_WARN_BLOCK_CAPTURE_AUTORELEASING = YES;
				CLANG_WARN_BOOL_CONVERSION = YES;
				CLANG_WARN_COMMA = YES;
				CLANG_WARN_CONSTANT_CONVERSION = YES;
				CLANG_WARN_DEPRECATED_OBJC_IMPLEMENTATIONS = YES;
				CLANG_WARN_DIRECT_OBJC_ISA_USAGE = YES_ERROR;
				CLANG_WARN_DOCUMENTATION_COMMENTS = YES;
				CLANG_WARN_EMPTY_BODY = YES;
				CLANG_WARN_ENUM_CONVERSION = YES;
				CLANG_WARN_INFINITE_RECURSION = YES;
				CLANG_WARN_INT_CONVERSION = YES;
				CLANG_WARN_NON_LITERAL_NULL_CONVERSION = YES;
				CLANG_WARN_OBJC_IMPLICIT_RETAIN_SELF = YES;
				CLANG_WARN_OBJC_LITERAL_CONVERSION = YES;
				CLANG_WARN_OBJC_ROOT_CLASS = YES_ERROR;
				CLANG_WARN_RANGE_LOOP_ANALYSIS = YES;
				CLANG_WARN_STRICT_PROTOTYPES = YES;
				CLANG_WARN_SUSPICIOUS_MOVE = YES;
				CLANG_WARN_UNGUARDED_AVAILABILITY = YES_AGGRESSIVE;
				CLANG_WARN_UNREACHABLE_CODE = YES;
				CLANG_WARN__DUPLICATE_METHOD_MATCH = YES;
				COPY_PHASE_STRIP = NO;
				DEBUG_INFORMATION_FORMAT = dwarf;
				ENABLE_STRICT_OBJC_MSGSEND = YES;
				ENABLE_TESTABILITY = YES;
				GCC_C_LANGUAGE_STANDARD = gnu11;
				GCC_DYNAMIC_NO_PIC = NO;
				GCC_NO_COMMON_BLOCKS = YES;
				GCC_OPTIMIZATION_LEVEL = 0;
				GCC_PREPROCESSOR_DEFINITIONS = (
					"DEBUG=1",
					"$(inherited)",
				);
				GCC_WARN_64_TO_32_BIT_CONVERSION = YES;
				GCC_WARN_ABOUT_RETURN_TYPE = YES_ERROR;
				GCC_WARN_UNDECLARED_SELECTOR = YES;
				GCC_WARN_UNINITIALIZED_AUTOS = YES_AGGRESSIVE;
				GCC_WARN_UNUSED_FUNCTION = YES;
				GCC_WARN_UNUSED_VARIABLE = YES;
				IPHONEOS_DEPLOYMENT_TARGET = 13.6;
				MTL_ENABLE_DEBUG_INFO = INCLUDE_SOURCE;
				MTL_FAST_MATH = YES;
				ONLY_ACTIVE_ARCH = YES;
				SDKROOT = iphoneos;
				SWIFT_ACTIVE_COMPILATION_CONDITIONS = DEBUG;
				SWIFT_OPTIMIZATION_LEVEL = "-Onone";
			};
			name = Debug;
		};
		AF7DC16624C586C300382964 /* Release */ = {
			isa = XCBuildConfiguration;
			buildSettings = {
				ALWAYS_SEARCH_USER_PATHS = NO;
				CLANG_ANALYZER_NONNULL = YES;
				CLANG_ANALYZER_NUMBER_OBJECT_CONVERSION = YES_AGGRESSIVE;
				CLANG_CXX_LANGUAGE_STANDARD = "gnu++14";
				CLANG_CXX_LIBRARY = "libc++";
				CLANG_ENABLE_MODULES = YES;
				CLANG_ENABLE_OBJC_ARC = YES;
				CLANG_ENABLE_OBJC_WEAK = YES;
				CLANG_WARN_BLOCK_CAPTURE_AUTORELEASING = YES;
				CLANG_WARN_BOOL_CONVERSION = YES;
				CLANG_WARN_COMMA = YES;
				CLANG_WARN_CONSTANT_CONVERSION = YES;
				CLANG_WARN_DEPRECATED_OBJC_IMPLEMENTATIONS = YES;
				CLANG_WARN_DIRECT_OBJC_ISA_USAGE = YES_ERROR;
				CLANG_WARN_DOCUMENTATION_COMMENTS = YES;
				CLANG_WARN_EMPTY_BODY = YES;
				CLANG_WARN_ENUM_CONVERSION = YES;
				CLANG_WARN_INFINITE_RECURSION = YES;
				CLANG_WARN_INT_CONVERSION = YES;
				CLANG_WARN_NON_LITERAL_NULL_CONVERSION = YES;
				CLANG_WARN_OBJC_IMPLICIT_RETAIN_SELF = YES;
				CLANG_WARN_OBJC_LITERAL_CONVERSION = YES;
				CLANG_WARN_OBJC_ROOT_CLASS = YES_ERROR;
				CLANG_WARN_RANGE_LOOP_ANALYSIS = YES;
				CLANG_WARN_STRICT_PROTOTYPES = YES;
				CLANG_WARN_SUSPICIOUS_MOVE = YES;
				CLANG_WARN_UNGUARDED_AVAILABILITY = YES_AGGRESSIVE;
				CLANG_WARN_UNREACHABLE_CODE = YES;
				CLANG_WARN__DUPLICATE_METHOD_MATCH = YES;
				COPY_PHASE_STRIP = NO;
				DEBUG_INFORMATION_FORMAT = "dwarf-with-dsym";
				ENABLE_NS_ASSERTIONS = NO;
				ENABLE_STRICT_OBJC_MSGSEND = YES;
				GCC_C_LANGUAGE_STANDARD = gnu11;
				GCC_NO_COMMON_BLOCKS = YES;
				GCC_WARN_64_TO_32_BIT_CONVERSION = YES;
				GCC_WARN_ABOUT_RETURN_TYPE = YES_ERROR;
				GCC_WARN_UNDECLARED_SELECTOR = YES;
				GCC_WARN_UNINITIALIZED_AUTOS = YES_AGGRESSIVE;
				GCC_WARN_UNUSED_FUNCTION = YES;
				GCC_WARN_UNUSED_VARIABLE = YES;
				IPHONEOS_DEPLOYMENT_TARGET = 13.6;
				MTL_ENABLE_DEBUG_INFO = NO;
				MTL_FAST_MATH = YES;
				SDKROOT = iphoneos;
				SWIFT_COMPILATION_MODE = wholemodule;
				SWIFT_OPTIMIZATION_LEVEL = "-O";
				VALIDATE_PRODUCT = YES;
			};
			name = Release;
		};
		AF7DC16824C586C300382964 /* Debug */ = {
			isa = XCBuildConfiguration;
			buildSettings = {
				ASSETCATALOG_COMPILER_APPICON_NAME = AppIcon;
				CODE_SIGN_STYLE = Automatic;
				DEVELOPMENT_TEAM = CPV363MMVY;
				INFOPLIST_FILE = OnTheMap/Info.plist;
				LD_RUNPATH_SEARCH_PATHS = (
					"$(inherited)",
					"@executable_path/Frameworks",
				);
				PRODUCT_BUNDLE_IDENTIFIER = Master.OnTheMap;
				PRODUCT_NAME = "$(TARGET_NAME)";
				SWIFT_VERSION = 5.0;
				TARGETED_DEVICE_FAMILY = "1,2";
			};
			name = Debug;
		};
		AF7DC16924C586C300382964 /* Release */ = {
			isa = XCBuildConfiguration;
			buildSettings = {
				ASSETCATALOG_COMPILER_APPICON_NAME = AppIcon;
				CODE_SIGN_STYLE = Automatic;
				DEVELOPMENT_TEAM = CPV363MMVY;
				INFOPLIST_FILE = OnTheMap/Info.plist;
				LD_RUNPATH_SEARCH_PATHS = (
					"$(inherited)",
					"@executable_path/Frameworks",
				);
				PRODUCT_BUNDLE_IDENTIFIER = Master.OnTheMap;
				PRODUCT_NAME = "$(TARGET_NAME)";
				SWIFT_VERSION = 5.0;
				TARGETED_DEVICE_FAMILY = "1,2";
			};
			name = Release;
		};
		AF7DC16B24C586C300382964 /* Debug */ = {
			isa = XCBuildConfiguration;
			buildSettings = {
				ALWAYS_EMBED_SWIFT_STANDARD_LIBRARIES = YES;
				BUNDLE_LOADER = "$(TEST_HOST)";
				CODE_SIGN_STYLE = Automatic;
				DEVELOPMENT_TEAM = CPV363MMVY;
				INFOPLIST_FILE = OnTheMapTests/Info.plist;
				IPHONEOS_DEPLOYMENT_TARGET = 13.6;
				LD_RUNPATH_SEARCH_PATHS = (
					"$(inherited)",
					"@executable_path/Frameworks",
					"@loader_path/Frameworks",
				);
				PRODUCT_BUNDLE_IDENTIFIER = Master.OnTheMapTests;
				PRODUCT_NAME = "$(TARGET_NAME)";
				SWIFT_VERSION = 5.0;
				TARGETED_DEVICE_FAMILY = "1,2";
				TEST_HOST = "$(BUILT_PRODUCTS_DIR)/OnTheMap.app/OnTheMap";
			};
			name = Debug;
		};
		AF7DC16C24C586C300382964 /* Release */ = {
			isa = XCBuildConfiguration;
			buildSettings = {
				ALWAYS_EMBED_SWIFT_STANDARD_LIBRARIES = YES;
				BUNDLE_LOADER = "$(TEST_HOST)";
				CODE_SIGN_STYLE = Automatic;
				DEVELOPMENT_TEAM = CPV363MMVY;
				INFOPLIST_FILE = OnTheMapTests/Info.plist;
				IPHONEOS_DEPLOYMENT_TARGET = 13.6;
				LD_RUNPATH_SEARCH_PATHS = (
					"$(inherited)",
					"@executable_path/Frameworks",
					"@loader_path/Frameworks",
				);
				PRODUCT_BUNDLE_IDENTIFIER = Master.OnTheMapTests;
				PRODUCT_NAME = "$(TARGET_NAME)";
				SWIFT_VERSION = 5.0;
				TARGETED_DEVICE_FAMILY = "1,2";
				TEST_HOST = "$(BUILT_PRODUCTS_DIR)/OnTheMap.app/OnTheMap";
			};
			name = Release;
		};
/* End XCBuildConfiguration section */

/* Begin XCConfigurationList section */
		AF7DC14324C586C000382964 /* Build configuration list for PBXProject "OnTheMap" */ = {
			isa = XCConfigurationList;
			buildConfigurations = (
				AF7DC16524C586C300382964 /* Debug */,
				AF7DC16624C586C300382964 /* Release */,
			);
			defaultConfigurationIsVisible = 0;
			defaultConfigurationName = Release;
		};
		AF7DC16724C586C300382964 /* Build configuration list for PBXNativeTarget "OnTheMap" */ = {
			isa = XCConfigurationList;
			buildConfigurations = (
				AF7DC16824C586C300382964 /* Debug */,
				AF7DC16924C586C300382964 /* Release */,
			);
			defaultConfigurationIsVisible = 0;
			defaultConfigurationName = Release;
		};
		AF7DC16A24C586C300382964 /* Build configuration list for PBXNativeTarget "OnTheMapTests" */ = {
			isa = XCConfigurationList;
			buildConfigurations = (
				AF7DC16B24C586C300382964 /* Debug */,
				AF7DC16C24C586C300382964 /* Release */,
			);
			defaultConfigurationIsVisible = 0;
			defaultConfigurationName = Release;
		};
/* End XCConfigurationList section */
	};
	rootObject = AF7DC14024C586C000382964 /* Project object */;
}
